
Microsoft Visual Studio Solution File, Format Version 12.00
# Visual Studio 15
VisualStudioVersion = 15.0.28307.168
MinimumVisualStudioVersion = 10.0.40219.1
Project("{FAE04EC0-301F-11D3-BF4B-00C04F79EFBC}") = "IMDB", "IMDB\IMDB.csproj", "{C2D78C23-910C-485E-8D25-FCDC18D6E8DA}"
EndProject
Project("{FAE04EC0-301F-11D3-BF4B-00C04F79EFBC}") = "IMDB.Models", "IMDB.Models\IMDB.Models.csproj", "{9E997CD9-4A69-4866-83DA-EE5E26E84E9D}"
EndProject
Project("{FAE04EC0-301F-11D3-BF4B-00C04F79EFBC}") = "IMDB.Data", "IMDB.Data\IMDB.Data.csproj", "{2F323977-0EB5-4D9B-A6D0-8696A7035CE9}"
EndProject
Global
	GlobalSection(SolutionConfigurationPlatforms) = preSolution
		Debug|Any CPU = Debug|Any CPU
		Release|Any CPU = Release|Any CPU
	EndGlobalSection
	GlobalSection(ProjectConfigurationPlatforms) = postSolution
		{C2D78C23-910C-485E-8D25-FCDC18D6E8DA}.Debug|Any CPU.ActiveCfg = Debug|Any CPU
		{C2D78C23-910C-485E-8D25-FCDC18D6E8DA}.Debug|Any CPU.Build.0 = Debug|Any CPU
		{C2D78C23-910C-485E-8D25-FCDC18D6E8DA}.Release|Any CPU.ActiveCfg = Release|Any CPU
		{C2D78C23-910C-485E-8D25-FCDC18D6E8DA}.Release|Any CPU.Build.0 = Release|Any CPU
		{9E997CD9-4A69-4866-83DA-EE5E26E84E9D}.Debug|Any CPU.ActiveCfg = Debug|Any CPU
		{9E997CD9-4A69-4866-83DA-EE5E26E84E9D}.Debug|Any CPU.Build.0 = Debug|Any CPU
		{9E997CD9-4A69-4866-83DA-EE5E26E84E9D}.Release|Any CPU.ActiveCfg = Release|Any CPU
		{9E997CD9-4A69-4866-83DA-EE5E26E84E9D}.Release|Any CPU.Build.0 = Release|Any CPU
		{2F323977-0EB5-4D9B-A6D0-8696A7035CE9}.Debug|Any CPU.ActiveCfg = Debug|Any CPU
		{2F323977-0EB5-4D9B-A6D0-8696A7035CE9}.Debug|Any CPU.Build.0 = Debug|Any CPU
		{2F323977-0EB5-4D9B-A6D0-8696A7035CE9}.Release|Any CPU.ActiveCfg = Release|Any CPU
		{2F323977-0EB5-4D9B-A6D0-8696A7035CE9}.Release|Any CPU.Build.0 = Release|Any CPU
	EndGlobalSection
	GlobalSection(SolutionProperties) = preSolution
		HideSolutionNode = FALSE
	EndGlobalSection
	GlobalSection(ExtensibilityGlobals) = postSolution
		SolutionGuid = {15388935-DC1F-4811-9177-DC6E620725E2}
	EndGlobalSection
EndGlobal
